{
  "name": "redis-player-app",
  "version": "1.0.0",
  "lockfileVersion": 1,
  "requires": true,
  "dependencies": {
    "@redis/bloom": {
      "version": "5.5.6",
      "resolved": "https://registry.npmjs.org/@redis/bloom/-/bloom-5.5.6.tgz",
      "integrity": "sha512-bNR3mxkwtfuCxNOzfV8B3R5zA1LiN57EH6zK4jVBIgzMzliNuReZXBFGnXvsi80/SYohajn78YdpYI+XNpqL+A=="
    },
    "@redis/client": {
      "version": "5.5.6",
      "resolved": "https://registry.npmjs.org/@redis/client/-/client-5.5.6.tgz",
      "integrity": "sha512-M3Svdwt6oSfyfQdqEr0L2HOJH2vK7GgCFx1NfAQvpWAT4+ljoT1L5S5cKT3dA9NJrxrOPDkdoTPWJnIrGCOcmw==",
      "requires": {
        "cluster-key-slot": "1.1.2"
      }
    },
    "@redis/json": {
      "version": "5.5.6",
      "resolved": "https://registry.npmjs.org/@redis/json/-/json-5.5.6.tgz",
      "integrity": "sha512-AIsoe3SsGQagqAmSQHaqxEinm5oCWr7zxPWL90kKaEdLJ+zw8KBznf2i9oK0WUFP5pFssSQUXqnscQKe2amfDQ=="
    },
    "@redis/search": {
      "version": "5.5.6",
      "resolved": "https://registry.npmjs.org/@redis/search/-/search-5.5.6.tgz",
      "integrity": "sha512-JSqasYqO0mVcHL7oxvbySRBBZYRYhFl3W7f0Da7BW8M/r0Z9wCiVrdjnN4/mKBpWZkoJT/iuisLUdPGhpKxBew=="
    },
    "@redis/time-series": {
      "version": "5.5.6",
      "resolved": "https://registry.npmjs.org/@redis/time-series/-/time-series-5.5.6.tgz",
      "integrity": "sha512-jkpcgq3NOI3TX7xEAJ3JgesJTxAx7k0m6lNxNsYdEM8KOl+xj7GaB/0CbLkoricZDmFSEAz7ClA1iK9XkGHf+Q=="
    },
    "cluster-key-slot": {
      "version": "1.1.2",
      "resolved": "https://registry.npmjs.org/cluster-key-slot/-/cluster-key-slot-1.1.2.tgz",
      "integrity": "sha512-RMr0FhtfXemyinomL4hrWcYJxmX6deFdCxpJzhDttxgO1+bcCnkk+9drydLVDmAMG7NE6aN/fl4F7ucU/90gAA=="
    },
    "redis": {
      "version": "5.5.6",
      "resolved": "https://registry.npmjs.org/redis/-/redis-5.5.6.tgz",
      "integrity": "sha512-hbpqBfcuhWHOS9YLNcXcJ4akNr7HFX61Dq3JuFZ9S7uU7C7kvnzuH2PDIXOP62A3eevvACoG8UacuXP3N07xdg==",
      "requires": {
        "@redis/bloom": "5.5.6",
        "@redis/client": "5.5.6",
        "@redis/json": "5.5.6",
        "@redis/search": "5.5.6",
        "@redis/time-series": "5.5.6"
      }
    }
  }
}
